{
  "_readme": [
    "This file locks the dependencies of your project to a known state",
    "Read more about it at https://getcomposer.org/doc/01-basic-usage.md#installing-dependencies",
    "This file is @generated automatically"
  ],
  "content-hash": "ec2e8c2a6734db8d976f204323bd20b5",
  "packages": [
    {
      "name": "pecee/simple-router",
      "version": "4.3.2.3",
      "source": {
        "type": "git",
        "url": "https://github.com/skipperbent/simple-php-router.git",
        "reference": "569b3a876094080a3b54e919d6f80cdc4ce12d65"
      },
      "dist": {
        "type": "zip",
        "url": "https://api.github.com/repos/skipperbent/simple-php-router/zipball/569b3a876094080a3b54e919d6f80cdc4ce12d65",
        "reference": "569b3a876094080a3b54e919d6f80cdc4ce12d65",
        "shasum": ""
      },
      "require": {
        "ext-json": "*",
        "php": ">=7.1"
      },
      "require-dev": {
        "mockery/mockery": "^1",
        "phpunit/phpunit": "^7"
      },
      "type": "library",
      "autoload": {
        "psr-4": {
          "Pecee\\": "src/Pecee/"
        }
      },
      "notification-url": "https://packagist.org/downloads/",
      "license": [
        "MIT"
      ],
      "authors": [
        {
          "name": "Simon Sessingø",
          "email": "simon.sessingoe@gmail.com"
        }
      ],
      "description": "Simple, fast PHP router that is easy to get integrated and in almost any project. Heavily inspired by the Laravel router.",
      "keywords": [
        "framework",
        "input-handler",
        "laravel",
        "pecee",
        "php",
        "request-handler",
        "route",
        "router",
        "routing",
        "routing-engine",
        "simple-php-router",
        "url-handling"
      ],
      "support": {
        "issues": "https://github.com/skipperbent/simple-php-router/issues",
        "source": "https://github.com/skipperbent/simple-php-router/issues"
      },
      "time": "2021-04-28T08:05:34+00:00"
    }
  ],
  "packages-dev": [],
  "aliases": [],
  "minimum-stability": "stable",
  "stability-flags": [],
  "prefer-stable": false,
  "prefer-lowest": false,
  "platform": [],
  "platform-dev": [],
  "plugin-api-version": "2.0.0"
}
